
Microsoft Visual Studio Solution File, Format Version 12.00
# Visual Studio Version 16
VisualStudioVersion = 16.0.32002.261
MinimumVisualStudioVersion = 10.0.40219.1
Project("{8BC9CEB8-8B4A-11D0-8D11-00A0C91BC942}") = "001opencv1", "001opencv1\opencv1.vcxproj", "{525DC6B3-D8AE-4D3E-9773-6D9D6DBE52E4}"
EndProject
Project("{8BC9CEB8-8B4A-11D0-8D11-00A0C91BC942}") = "002opencv灰度图像保存", "002opencv灰度图像保存\opencv灰度图像保存.vcxproj", "{60FE5094-7A16-45C7-9DFE-A3076E0C8EF2}"
EndProject
Project("{8BC9CEB8-8B4A-11D0-8D11-00A0C91BC942}") = "003视频处理", "003视频处理\视频处理.vcxproj", "{5A0B9D93-D8E9-40C7-B23E-5CA7C1C89F27}"
EndProject
Project("{8BC9CEB8-8B4A-11D0-8D11-00A0C91BC942}") = "004图像混合", "004图像混合\图像混合.vcxproj", "{6CA1D31A-01AC-4BA1-9848-9F50D472343D}"
EndProject
Project("{8BC9CEB8-8B4A-11D0-8D11-00A0C91BC942}") = "005图像resize（未完", "005图像resize(未完\图像resize.vcxproj", "{F7AF9954-21D4-4526-8B46-FC12AD6EE70D}"
EndProject
Project("{8BC9CEB8-8B4A-11D0-8D11-00A0C91BC942}") = "006图像像素遍历，对比度亮度修改", "006图像像素遍历，对比度亮度修改\图像像素遍历，对比度亮度修改.vcxproj", "{0B7EC6C7-2BE3-4F75-9CCB-DE3D0E628F1E}"
EndProject
Project("{8BC9CEB8-8B4A-11D0-8D11-00A0C91BC942}") = "007图像的模糊与平滑 中值、均值、高斯滤波", "007图像的模糊与平滑 中值、均值、高斯滤波\图像的模糊与平滑 中值、均值、高斯滤波.vcxproj", "{A19EDC97-4EB3-4C35-8599-2D9D9424398D}"
EndProject
Project("{8BC9CEB8-8B4A-11D0-8D11-00A0C91BC942}") = "008图像形态学 膨胀腐蚀开闭", "008图像形态学 膨胀腐蚀开闭\008图像形态学 膨胀腐蚀开闭.vcxproj", "{E5313DE1-7F5A-42E4-BCC4-5B95ABFC104E}"
EndProject
Project("{8BC9CEB8-8B4A-11D0-8D11-00A0C91BC942}") = "009原图转灰度 二值化算法", "009原图转灰度 二值化算法 灰度转rgb\009原图转灰度 二值化算法 灰度转rgb.vcxproj", "{354B32DE-21D7-41C6-9341-C9DFB85BFBF2}"
EndProject
Project("{8BC9CEB8-8B4A-11D0-8D11-00A0C91BC942}") = "010边界处理", "010边界处理\010边界处理.vcxproj", "{44C38593-AF60-48C0-83C0-B2398AAC321F}"
EndProject
Project("{8BC9CEB8-8B4A-11D0-8D11-00A0C91BC942}") = "011算子", "011算子\011算子.vcxproj", "{CEA2E71B-2D6E-40B7-A4C1-7303E099C51C}"
EndProject
Project("{8BC9CEB8-8B4A-11D0-8D11-00A0C91BC942}") = "012ROI感兴趣区域", "012ROI感兴趣区域\012ROI感兴趣区域.vcxproj", "{B4F4D76D-D3E6-46A1-995A-F3765664BCD8}"
EndProject
Project("{8BC9CEB8-8B4A-11D0-8D11-00A0C91BC942}") = "013霍夫变换", "013霍夫变换\013霍夫变换.vcxproj", "{16B67C44-A3B8-4413-8DCA-76D1DBFDE619}"
EndProject
Project("{8BC9CEB8-8B4A-11D0-8D11-00A0C91BC942}") = "014final", "014final\014final.vcxproj", "{34F848EB-15CB-46D5-B3D3-6477C2BE22BF}"
EndProject
Global
	GlobalSection(SolutionConfigurationPlatforms) = preSolution
		Debug|x64 = Debug|x64
		Debug|x86 = Debug|x86
		Release|x64 = Release|x64
		Release|x86 = Release|x86
	EndGlobalSection
	GlobalSection(ProjectConfigurationPlatforms) = postSolution
		{525DC6B3-D8AE-4D3E-9773-6D9D6DBE52E4}.Debug|x64.ActiveCfg = Debug|x64
		{525DC6B3-D8AE-4D3E-9773-6D9D6DBE52E4}.Debug|x64.Build.0 = Debug|x64
		{525DC6B3-D8AE-4D3E-9773-6D9D6DBE52E4}.Debug|x86.ActiveCfg = Debug|x64
		{525DC6B3-D8AE-4D3E-9773-6D9D6DBE52E4}.Debug|x86.Build.0 = Debug|x64
		{525DC6B3-D8AE-4D3E-9773-6D9D6DBE52E4}.Release|x64.ActiveCfg = Release|x64
		{525DC6B3-D8AE-4D3E-9773-6D9D6DBE52E4}.Release|x64.Build.0 = Release|x64
		{525DC6B3-D8AE-4D3E-9773-6D9D6DBE52E4}.Release|x86.ActiveCfg = Release|Win32
		{525DC6B3-D8AE-4D3E-9773-6D9D6DBE52E4}.Release|x86.Build.0 = Release|Win32
		{60FE5094-7A16-45C7-9DFE-A3076E0C8EF2}.Debug|x64.ActiveCfg = Debug|x64
		{60FE5094-7A16-45C7-9DFE-A3076E0C8EF2}.Debug|x64.Build.0 = Debug|x64
		{60FE5094-7A16-45C7-9DFE-A3076E0C8EF2}.Debug|x86.ActiveCfg = Debug|x64
		{60FE5094-7A16-45C7-9DFE-A3076E0C8EF2}.Debug|x86.Build.0 = Debug|x64
		{60FE5094-7A16-45C7-9DFE-A3076E0C8EF2}.Release|x64.ActiveCfg = Release|x64
		{60FE5094-7A16-45C7-9DFE-A3076E0C8EF2}.Release|x64.Build.0 = Release|x64
		{60FE5094-7A16-45C7-9DFE-A3076E0C8EF2}.Release|x86.ActiveCfg = Release|Win32
		{60FE5094-7A16-45C7-9DFE-A3076E0C8EF2}.Release|x86.Build.0 = Release|Win32
		{5A0B9D93-D8E9-40C7-B23E-5CA7C1C89F27}.Debug|x64.ActiveCfg = Debug|x64
		{5A0B9D93-D8E9-40C7-B23E-5CA7C1C89F27}.Debug|x64.Build.0 = Debug|x64
		{5A0B9D93-D8E9-40C7-B23E-5CA7C1C89F27}.Debug|x86.ActiveCfg = Debug|x64
		{5A0B9D93-D8E9-40C7-B23E-5CA7C1C89F27}.Debug|x86.Build.0 = Debug|x64
		{5A0B9D93-D8E9-40C7-B23E-5CA7C1C89F27}.Release|x64.ActiveCfg = Release|x64
		{5A0B9D93-D8E9-40C7-B23E-5CA7C1C89F27}.Release|x64.Build.0 = Release|x64
		{5A0B9D93-D8E9-40C7-B23E-5CA7C1C89F27}.Release|x86.ActiveCfg = Release|Win32
		{5A0B9D93-D8E9-40C7-B23E-5CA7C1C89F27}.Release|x86.Build.0 = Release|Win32
		{6CA1D31A-01AC-4BA1-9848-9F50D472343D}.Debug|x64.ActiveCfg = Debug|x64
		{6CA1D31A-01AC-4BA1-9848-9F50D472343D}.Debug|x64.Build.0 = Debug|x64
		{6CA1D31A-01AC-4BA1-9848-9F50D472343D}.Debug|x86.ActiveCfg = Debug|x64
		{6CA1D31A-01AC-4BA1-9848-9F50D472343D}.Debug|x86.Build.0 = Debug|x64
		{6CA1D31A-01AC-4BA1-9848-9F50D472343D}.Release|x64.ActiveCfg = Release|x64
		{6CA1D31A-01AC-4BA1-9848-9F50D472343D}.Release|x64.Build.0 = Release|x64
		{6CA1D31A-01AC-4BA1-9848-9F50D472343D}.Release|x86.ActiveCfg = Release|Win32
		{6CA1D31A-01AC-4BA1-9848-9F50D472343D}.Release|x86.Build.0 = Release|Win32
		{F7AF9954-21D4-4526-8B46-FC12AD6EE70D}.Debug|x64.ActiveCfg = Debug|x64
		{F7AF9954-21D4-4526-8B46-FC12AD6EE70D}.Debug|x64.Build.0 = Debug|x64
		{F7AF9954-21D4-4526-8B46-FC12AD6EE70D}.Debug|x86.ActiveCfg = Debug|x64
		{F7AF9954-21D4-4526-8B46-FC12AD6EE70D}.Debug|x86.Build.0 = Debug|x64
		{F7AF9954-21D4-4526-8B46-FC12AD6EE70D}.Release|x64.ActiveCfg = Release|x64
		{F7AF9954-21D4-4526-8B46-FC12AD6EE70D}.Release|x64.Build.0 = Release|x64
		{F7AF9954-21D4-4526-8B46-FC12AD6EE70D}.Release|x86.ActiveCfg = Release|Win32
		{F7AF9954-21D4-4526-8B46-FC12AD6EE70D}.Release|x86.Build.0 = Release|Win32
		{0B7EC6C7-2BE3-4F75-9CCB-DE3D0E628F1E}.Debug|x64.ActiveCfg = Debug|x64
		{0B7EC6C7-2BE3-4F75-9CCB-DE3D0E628F1E}.Debug|x64.Build.0 = Debug|x64
		{0B7EC6C7-2BE3-4F75-9CCB-DE3D0E628F1E}.Debug|x86.ActiveCfg = Debug|x64
		{0B7EC6C7-2BE3-4F75-9CCB-DE3D0E628F1E}.Debug|x86.Build.0 = Debug|x64
		{0B7EC6C7-2BE3-4F75-9CCB-DE3D0E628F1E}.Release|x64.ActiveCfg = Release|x64
		{0B7EC6C7-2BE3-4F75-9CCB-DE3D0E628F1E}.Release|x64.Build.0 = Release|x64
		{0B7EC6C7-2BE3-4F75-9CCB-DE3D0E628F1E}.Release|x86.ActiveCfg = Release|Win32
		{0B7EC6C7-2BE3-4F75-9CCB-DE3D0E628F1E}.Release|x86.Build.0 = Release|Win32
		{A19EDC97-4EB3-4C35-8599-2D9D9424398D}.Debug|x64.ActiveCfg = Debug|x64
		{A19EDC97-4EB3-4C35-8599-2D9D9424398D}.Debug|x64.Build.0 = Debug|x64
		{A19EDC97-4EB3-4C35-8599-2D9D9424398D}.Debug|x86.ActiveCfg = Debug|x64
		{A19EDC97-4EB3-4C35-8599-2D9D9424398D}.Debug|x86.Build.0 = Debug|x64
		{A19EDC97-4EB3-4C35-8599-2D9D9424398D}.Release|x64.ActiveCfg = Release|x64
		{A19EDC97-4EB3-4C35-8599-2D9D9424398D}.Release|x64.Build.0 = Release|x64
		{A19EDC97-4EB3-4C35-8599-2D9D9424398D}.Release|x86.ActiveCfg = Release|Win32
		{A19EDC97-4EB3-4C35-8599-2D9D9424398D}.Release|x86.Build.0 = Release|Win32
		{E5313DE1-7F5A-42E4-BCC4-5B95ABFC104E}.Debug|x64.ActiveCfg = Debug|x64
		{E5313DE1-7F5A-42E4-BCC4-5B95ABFC104E}.Debug|x64.Build.0 = Debug|x64
		{E5313DE1-7F5A-42E4-BCC4-5B95ABFC104E}.Debug|x86.ActiveCfg = Debug|x64
		{E5313DE1-7F5A-42E4-BCC4-5B95ABFC104E}.Debug|x86.Build.0 = Debug|x64
		{E5313DE1-7F5A-42E4-BCC4-5B95ABFC104E}.Release|x64.ActiveCfg = Release|x64
		{E5313DE1-7F5A-42E4-BCC4-5B95ABFC104E}.Release|x64.Build.0 = Release|x64
		{E5313DE1-7F5A-42E4-BCC4-5B95ABFC104E}.Release|x86.ActiveCfg = Release|Win32
		{E5313DE1-7F5A-42E4-BCC4-5B95ABFC104E}.Release|x86.Build.0 = Release|Win32
		{354B32DE-21D7-41C6-9341-C9DFB85BFBF2}.Debug|x64.ActiveCfg = Debug|x64
		{354B32DE-21D7-41C6-9341-C9DFB85BFBF2}.Debug|x64.Build.0 = Debug|x64
		{354B32DE-21D7-41C6-9341-C9DFB85BFBF2}.Debug|x86.ActiveCfg = Debug|x64
		{354B32DE-21D7-41C6-9341-C9DFB85BFBF2}.Debug|x86.Build.0 = Debug|x64
		{354B32DE-21D7-41C6-9341-C9DFB85BFBF2}.Release|x64.ActiveCfg = Release|x64
		{354B32DE-21D7-41C6-9341-C9DFB85BFBF2}.Release|x64.Build.0 = Release|x64
		{354B32DE-21D7-41C6-9341-C9DFB85BFBF2}.Release|x86.ActiveCfg = Release|Win32
		{354B32DE-21D7-41C6-9341-C9DFB85BFBF2}.Release|x86.Build.0 = Release|Win32
		{44C38593-AF60-48C0-83C0-B2398AAC321F}.Debug|x64.ActiveCfg = Debug|x64
		{44C38593-AF60-48C0-83C0-B2398AAC321F}.Debug|x64.Build.0 = Debug|x64
		{44C38593-AF60-48C0-83C0-B2398AAC321F}.Debug|x86.ActiveCfg = Debug|x64
		{44C38593-AF60-48C0-83C0-B2398AAC321F}.Debug|x86.Build.0 = Debug|x64
		{44C38593-AF60-48C0-83C0-B2398AAC321F}.Release|x64.ActiveCfg = Release|x64
		{44C38593-AF60-48C0-83C0-B2398AAC321F}.Release|x64.Build.0 = Release|x64
		{44C38593-AF60-48C0-83C0-B2398AAC321F}.Release|x86.ActiveCfg = Release|Win32
		{44C38593-AF60-48C0-83C0-B2398AAC321F}.Release|x86.Build.0 = Release|Win32
		{CEA2E71B-2D6E-40B7-A4C1-7303E099C51C}.Debug|x64.ActiveCfg = Debug|x64
		{CEA2E71B-2D6E-40B7-A4C1-7303E099C51C}.Debug|x64.Build.0 = Debug|x64
		{CEA2E71B-2D6E-40B7-A4C1-7303E099C51C}.Debug|x86.ActiveCfg = Debug|x64
		{CEA2E71B-2D6E-40B7-A4C1-7303E099C51C}.Debug|x86.Build.0 = Debug|x64
		{CEA2E71B-2D6E-40B7-A4C1-7303E099C51C}.Release|x64.ActiveCfg = Release|x64
		{CEA2E71B-2D6E-40B7-A4C1-7303E099C51C}.Release|x64.Build.0 = Release|x64
		{CEA2E71B-2D6E-40B7-A4C1-7303E099C51C}.Release|x86.ActiveCfg = Release|Win32
		{CEA2E71B-2D6E-40B7-A4C1-7303E099C51C}.Release|x86.Build.0 = Release|Win32
		{B4F4D76D-D3E6-46A1-995A-F3765664BCD8}.Debug|x64.ActiveCfg = Debug|x64
		{B4F4D76D-D3E6-46A1-995A-F3765664BCD8}.Debug|x64.Build.0 = Debug|x64
		{B4F4D76D-D3E6-46A1-995A-F3765664BCD8}.Debug|x86.ActiveCfg = Debug|x64
		{B4F4D76D-D3E6-46A1-995A-F3765664BCD8}.Debug|x86.Build.0 = Debug|x64
		{B4F4D76D-D3E6-46A1-995A-F3765664BCD8}.Release|x64.ActiveCfg = Release|x64
		{B4F4D76D-D3E6-46A1-995A-F3765664BCD8}.Release|x64.Build.0 = Release|x64
		{B4F4D76D-D3E6-46A1-995A-F3765664BCD8}.Release|x86.ActiveCfg = Release|Win32
		{B4F4D76D-D3E6-46A1-995A-F3765664BCD8}.Release|x86.Build.0 = Release|Win32
		{16B67C44-A3B8-4413-8DCA-76D1DBFDE619}.Debug|x64.ActiveCfg = Debug|x64
		{16B67C44-A3B8-4413-8DCA-76D1DBFDE619}.Debug|x64.Build.0 = Debug|x64
		{16B67C44-A3B8-4413-8DCA-76D1DBFDE619}.Debug|x86.ActiveCfg = Debug|x64
		{16B67C44-A3B8-4413-8DCA-76D1DBFDE619}.Debug|x86.Build.0 = Debug|x64
		{16B67C44-A3B8-4413-8DCA-76D1DBFDE619}.Release|x64.ActiveCfg = Release|x64
		{16B67C44-A3B8-4413-8DCA-76D1DBFDE619}.Release|x64.Build.0 = Release|x64
		{16B67C44-A3B8-4413-8DCA-76D1DBFDE619}.Release|x86.ActiveCfg = Release|Win32
		{16B67C44-A3B8-4413-8DCA-76D1DBFDE619}.Release|x86.Build.0 = Release|Win32
		{34F848EB-15CB-46D5-B3D3-6477C2BE22BF}.Debug|x64.ActiveCfg = Debug|x64
		{34F848EB-15CB-46D5-B3D3-6477C2BE22BF}.Debug|x64.Build.0 = Debug|x64
		{34F848EB-15CB-46D5-B3D3-6477C2BE22BF}.Debug|x86.ActiveCfg = Debug|x64
		{34F848EB-15CB-46D5-B3D3-6477C2BE22BF}.Debug|x86.Build.0 = Debug|x64
		{34F848EB-15CB-46D5-B3D3-6477C2BE22BF}.Release|x64.ActiveCfg = Release|x64
		{34F848EB-15CB-46D5-B3D3-6477C2BE22BF}.Release|x64.Build.0 = Release|x64
		{34F848EB-15CB-46D5-B3D3-6477C2BE22BF}.Release|x86.ActiveCfg = Release|Win32
		{34F848EB-15CB-46D5-B3D3-6477C2BE22BF}.Release|x86.Build.0 = Release|Win32
	EndGlobalSection
	GlobalSection(SolutionProperties) = preSolution
		HideSolutionNode = FALSE
	EndGlobalSection
	GlobalSection(ExtensibilityGlobals) = postSolution
		SolutionGuid = {2093FC22-4CAA-4BA4-8A89-9329329D2549}
	EndGlobalSection
EndGlobal
